
Microsoft Visual Studio Solution File, Format Version 12.00
Project("{FAE04EC0-301F-11D3-BF4B-00C04F79EFBC}") = "ChenIronclad", "ChenIronclad.csproj", "{89440E24-FD02-4463-A796-25A4D961652D}"
EndProject
Global
	GlobalSection(SolutionConfigurationPlatforms) = preSolution
		Debug|Any CPU = Debug|Any CPU
		ExportDebug|Any CPU = ExportDebug|Any CPU
		ExportRelease|Any CPU = ExportRelease|Any CPU
	EndGlobalSection
	GlobalSection(ProjectConfigurationPlatforms) = postSolution
		{89440E24-FD02-4463-A796-25A4D961652D}.Debug|Any CPU.ActiveCfg = Debug|Any CPU
		{89440E24-FD02-4463-A796-25A4D961652D}.Debug|Any CPU.Build.0 = Debug|Any CPU
		{89440E24-FD02-4463-A796-25A4D961652D}.ExportDebug|Any CPU.ActiveCfg = ExportDebug|Any CPU
		{89440E24-FD02-4463-A796-25A4D961652D}.ExportDebug|Any CPU.Build.0 = ExportDebug|Any CPU
		{89440E24-FD02-4463-A796-25A4D961652D}.ExportRelease|Any CPU.ActiveCfg = ExportRelease|Any CPU
		{89440E24-FD02-4463-A796-25A4D961652D}.ExportRelease|Any CPU.Build.0 = ExportRelease|Any CPU
	EndGlobalSection
EndGlobal
